
Microsoft Visual Studio Solution File, Format Version 12.00
Project("{FAE04EC0-301F-11D3-BF4B-00C04F79EFBC}") = "Catalog.Host", "Catalog.Host\Catalog.Host.csproj", "{C96769F5-A490-45D8-9A41-4BE64B22B9BB}"
EndProject
Project("{FAE04EC0-301F-11D3-BF4B-00C04F79EFBC}") = "IdentityServer", "IdentityServer\IdentityServer\IdentityServer.csproj", "{BD2AD5E7-B41E-41C7-892F-07938B980155}"
EndProject
Project("{FAE04EC0-301F-11D3-BF4B-00C04F79EFBC}") = "Basket.Host", "Basket.Host\Basket.Host.csproj", "{D3F48FA6-C140-46FE-BA94-7AC042455071}"
EndProject
Project("{FAE04EC0-301F-11D3-BF4B-00C04F79EFBC}") = "Order.Host", "Order.Host\Order.Host.csproj", "{52A3C969-86CA-4545-9A26-2816C7442F74}"
EndProject
Project("{FAE04EC0-301F-11D3-BF4B-00C04F79EFBC}") = "ExceptionHandler", "ExceptionHandler\ExceptionHandler.csproj", "{CA879D2F-EE87-4612-A018-D201C43E6B97}"
EndProject
Global
	GlobalSection(SolutionConfigurationPlatforms) = preSolution
		Debug|Any CPU = Debug|Any CPU
		Release|Any CPU = Release|Any CPU
	EndGlobalSection
	GlobalSection(ProjectConfigurationPlatforms) = postSolution
		{C96769F5-A490-45D8-9A41-4BE64B22B9BB}.Debug|Any CPU.ActiveCfg = Debug|Any CPU
		{C96769F5-A490-45D8-9A41-4BE64B22B9BB}.Debug|Any CPU.Build.0 = Debug|Any CPU
		{C96769F5-A490-45D8-9A41-4BE64B22B9BB}.Release|Any CPU.ActiveCfg = Release|Any CPU
		{C96769F5-A490-45D8-9A41-4BE64B22B9BB}.Release|Any CPU.Build.0 = Release|Any CPU
		{BD2AD5E7-B41E-41C7-892F-07938B980155}.Debug|Any CPU.ActiveCfg = Debug|Any CPU
		{BD2AD5E7-B41E-41C7-892F-07938B980155}.Debug|Any CPU.Build.0 = Debug|Any CPU
		{BD2AD5E7-B41E-41C7-892F-07938B980155}.Release|Any CPU.ActiveCfg = Release|Any CPU
		{BD2AD5E7-B41E-41C7-892F-07938B980155}.Release|Any CPU.Build.0 = Release|Any CPU
		{D3F48FA6-C140-46FE-BA94-7AC042455071}.Debug|Any CPU.ActiveCfg = Debug|Any CPU
		{D3F48FA6-C140-46FE-BA94-7AC042455071}.Debug|Any CPU.Build.0 = Debug|Any CPU
		{D3F48FA6-C140-46FE-BA94-7AC042455071}.Release|Any CPU.ActiveCfg = Release|Any CPU
		{D3F48FA6-C140-46FE-BA94-7AC042455071}.Release|Any CPU.Build.0 = Release|Any CPU
		{52A3C969-86CA-4545-9A26-2816C7442F74}.Debug|Any CPU.ActiveCfg = Debug|Any CPU
		{52A3C969-86CA-4545-9A26-2816C7442F74}.Debug|Any CPU.Build.0 = Debug|Any CPU
		{52A3C969-86CA-4545-9A26-2816C7442F74}.Release|Any CPU.ActiveCfg = Release|Any CPU
		{52A3C969-86CA-4545-9A26-2816C7442F74}.Release|Any CPU.Build.0 = Release|Any CPU
		{CA879D2F-EE87-4612-A018-D201C43E6B97}.Debug|Any CPU.ActiveCfg = Debug|Any CPU
		{CA879D2F-EE87-4612-A018-D201C43E6B97}.Debug|Any CPU.Build.0 = Debug|Any CPU
		{CA879D2F-EE87-4612-A018-D201C43E6B97}.Release|Any CPU.ActiveCfg = Release|Any CPU
		{CA879D2F-EE87-4612-A018-D201C43E6B97}.Release|Any CPU.Build.0 = Release|Any CPU
	EndGlobalSection
EndGlobal
